
Microsoft Visual Studio Solution File, Format Version 12.00
# Visual Studio Version 17
VisualStudioVersion = 17.6.33829.357
MinimumVisualStudioVersion = 10.0.40219.1
Project("{FAE04EC0-301F-11D3-BF4B-00C04F79EFBC}") = "Harjoitustehtävä 5 osa 1", "Harjoitustehtävä 5 osa 1.csproj", "{736A26F3-8FC0-4629-BBE1-A47651994286}"
EndProject
Global
	GlobalSection(SolutionConfigurationPlatforms) = preSolution
		Debug|Any CPU = Debug|Any CPU
		Release|Any CPU = Release|Any CPU
	EndGlobalSection
	GlobalSection(ProjectConfigurationPlatforms) = postSolution
		{736A26F3-8FC0-4629-BBE1-A47651994286}.Debug|Any CPU.ActiveCfg = Debug|Any CPU
		{736A26F3-8FC0-4629-BBE1-A47651994286}.Debug|Any CPU.Build.0 = Debug|Any CPU
		{736A26F3-8FC0-4629-BBE1-A47651994286}.Release|Any CPU.ActiveCfg = Release|Any CPU
		{736A26F3-8FC0-4629-BBE1-A47651994286}.Release|Any CPU.Build.0 = Release|Any CPU
	EndGlobalSection
	GlobalSection(SolutionProperties) = preSolution
		HideSolutionNode = FALSE
	EndGlobalSection
	GlobalSection(ExtensibilityGlobals) = postSolution
		SolutionGuid = {57856D91-DFCA-4A6F-8C89-81968D416815}
	EndGlobalSection
EndGlobal
