
Microsoft Visual Studio Solution File, Format Version 12.00
# Visual Studio Version 17
VisualStudioVersion = 17.6.33829.357
MinimumVisualStudioVersion = 10.0.40219.1
Project("{FAE04EC0-301F-11D3-BF4B-00C04F79EFBC}") = "TEHTÄVÄ 4", "TEHTÄVÄ 4.csproj", "{03D4157E-3FC1-4B9E-893F-61D6AE60D16E}"
EndProject
Global
	GlobalSection(SolutionConfigurationPlatforms) = preSolution
		Debug|Any CPU = Debug|Any CPU
		Release|Any CPU = Release|Any CPU
	EndGlobalSection
	GlobalSection(ProjectConfigurationPlatforms) = postSolution
		{03D4157E-3FC1-4B9E-893F-61D6AE60D16E}.Debug|Any CPU.ActiveCfg = Debug|Any CPU
		{03D4157E-3FC1-4B9E-893F-61D6AE60D16E}.Debug|Any CPU.Build.0 = Debug|Any CPU
		{03D4157E-3FC1-4B9E-893F-61D6AE60D16E}.Release|Any CPU.ActiveCfg = Release|Any CPU
		{03D4157E-3FC1-4B9E-893F-61D6AE60D16E}.Release|Any CPU.Build.0 = Release|Any CPU
	EndGlobalSection
	GlobalSection(SolutionProperties) = preSolution
		HideSolutionNode = FALSE
	EndGlobalSection
	GlobalSection(ExtensibilityGlobals) = postSolution
		SolutionGuid = {27E0D30B-23CF-47D9-BCBD-9B09E00BD7D1}
	EndGlobalSection
EndGlobal
