
Microsoft Visual Studio Solution File, Format Version 12.00
# Visual Studio Version 17
VisualStudioVersion = 17.6.33829.357
MinimumVisualStudioVersion = 10.0.40219.1
Project("{FAE04EC0-301F-11D3-BF4B-00C04F79EFBC}") = "Harjoitustehtävä osa 3", "Harjoitustehtävä osa 3.csproj", "{B099FEB8-9742-4DAF-A058-53B6E8CFF4DD}"
EndProject
Global
	GlobalSection(SolutionConfigurationPlatforms) = preSolution
		Debug|Any CPU = Debug|Any CPU
		Release|Any CPU = Release|Any CPU
	EndGlobalSection
	GlobalSection(ProjectConfigurationPlatforms) = postSolution
		{B099FEB8-9742-4DAF-A058-53B6E8CFF4DD}.Debug|Any CPU.ActiveCfg = Debug|Any CPU
		{B099FEB8-9742-4DAF-A058-53B6E8CFF4DD}.Debug|Any CPU.Build.0 = Debug|Any CPU
		{B099FEB8-9742-4DAF-A058-53B6E8CFF4DD}.Release|Any CPU.ActiveCfg = Release|Any CPU
		{B099FEB8-9742-4DAF-A058-53B6E8CFF4DD}.Release|Any CPU.Build.0 = Release|Any CPU
	EndGlobalSection
	GlobalSection(SolutionProperties) = preSolution
		HideSolutionNode = FALSE
	EndGlobalSection
	GlobalSection(ExtensibilityGlobals) = postSolution
		SolutionGuid = {729DEBD6-349D-4A67-97EA-C310F189646E}
	EndGlobalSection
EndGlobal
